
Microsoft Visual Studio Solution File, Format Version 12.00
# Visual Studio 2013
VisualStudioVersion = 12.0.31101.0
MinimumVisualStudioVersion = 10.0.40219.1
Project("{8BC9CEB8-8B4A-11D0-8D11-00A0C91BC942}") = "DirectMosaic", "DirectMosaic\DirectMosaic.vcxproj", "{DF458D61-42BC-4235-A0BE-A160B9937C0F}"
EndProject
Project("{8BC9CEB8-8B4A-11D0-8D11-00A0C91BC942}") = "BasedOnMskLine", "BasedOnMskLine\BasedOnMskLine.vcxproj", "{041BDC80-D3CC-404C-A267-14100331B6DD}"
EndProject
Project("{8BC9CEB8-8B4A-11D0-8D11-00A0C91BC942}") = "DirecMzxBasedOnDistanceWeighted", "DirecMzxBasedOnDistanceWeighted\DirecMzxBasedOnDistanceWeighted.vcxproj", "{95D548F2-48FA-4DA8-9A68-FF2741F4119E}"
EndProject
Global
	GlobalSection(SolutionConfigurationPlatforms) = preSolution
		Debug|Win32 = Debug|Win32
		Release|Win32 = Release|Win32
	EndGlobalSection
	GlobalSection(ProjectConfigurationPlatforms) = postSolution
		{DF458D61-42BC-4235-A0BE-A160B9937C0F}.Debug|Win32.ActiveCfg = Debug|Win32
		{DF458D61-42BC-4235-A0BE-A160B9937C0F}.Debug|Win32.Build.0 = Debug|Win32
		{DF458D61-42BC-4235-A0BE-A160B9937C0F}.Release|Win32.ActiveCfg = Release|Win32
		{DF458D61-42BC-4235-A0BE-A160B9937C0F}.Release|Win32.Build.0 = Release|Win32
		{041BDC80-D3CC-404C-A267-14100331B6DD}.Debug|Win32.ActiveCfg = Debug|Win32
		{041BDC80-D3CC-404C-A267-14100331B6DD}.Debug|Win32.Build.0 = Debug|Win32
		{041BDC80-D3CC-404C-A267-14100331B6DD}.Release|Win32.ActiveCfg = Release|Win32
		{041BDC80-D3CC-404C-A267-14100331B6DD}.Release|Win32.Build.0 = Release|Win32
		{95D548F2-48FA-4DA8-9A68-FF2741F4119E}.Debug|Win32.ActiveCfg = Debug|Win32
		{95D548F2-48FA-4DA8-9A68-FF2741F4119E}.Debug|Win32.Build.0 = Debug|Win32
		{95D548F2-48FA-4DA8-9A68-FF2741F4119E}.Release|Win32.ActiveCfg = Release|Win32
		{95D548F2-48FA-4DA8-9A68-FF2741F4119E}.Release|Win32.Build.0 = Release|Win32
	EndGlobalSection
	GlobalSection(SolutionProperties) = preSolution
		HideSolutionNode = FALSE
	EndGlobalSection
EndGlobal
